// !$*UTF8*$!
{
	archiveVersion = 1;
	classes = {
	};
	objectVersion = 77;
	objects = {

/* Begin PBXBuildFile section */
		B1DF0BA2D0DD2C9FE3689E17 /* Pods_PhantomTap.framework in Frameworks */ = {isa = PBXBuildFile; fileRef = FC400452AF38564012D64354 /* Pods_PhantomTap.framework */; };
		CE54AF6E2E9C9166002607A3 /* CoreBluetooth.framework in Frameworks */ = {isa = PBXBuildFile; fileRef = CE54AF6D2E9C9166002607A3 /* CoreBluetooth.framework */; };
		CEA60F552ECAF0DA00E791FE /* Localizable.strings in Resources */ = {isa = PBXBuildFile; fileRef = CEA60F532ECAF0DA00E791FE /* Localizable.strings */; };
		CEDFBB852ED5791A00A7FE5C /* GoogleSignIn in Frameworks */ = {isa = PBXBuildFile; productRef = CEDFBB842ED5791A00A7FE5C /* GoogleSignIn */; };
		CEF378762EC6B0C300F8EC14 /* Lottie in Frameworks */ = {isa = PBXBuildFile; productRef = CEF378752EC6B0C300F8EC14 /* Lottie */; };
/* End PBXBuildFile section */

/* Begin PBXFileReference section */
		02441C576231AAB9B3DDAD4A /* Pods-PhantomTap.release.xcconfig */ = {isa = PBXFileReference; includeInIndex = 1; lastKnownFileType = text.xcconfig; name = "Pods-PhantomTap.release.xcconfig"; path = "Target Support Files/Pods-PhantomTap/Pods-PhantomTap.release.xcconfig"; sourceTree = "<group>"; };
		940DD0E9F2DE47F70519B620 /* Pods-PhantomTap.debug.xcconfig */ = {isa = PBXFileReference; includeInIndex = 1; lastKnownFileType = text.xcconfig; name = "Pods-PhantomTap.debug.xcconfig"; path = "Target Support Files/Pods-PhantomTap/Pods-PhantomTap.debug.xcconfig"; sourceTree = "<group>"; };
		CE54AF4F2E9C9134002607A3 /* PhantomTap.app */ = {isa = PBXFileReference; explicitFileType = wrapper.application; includeInIndex = 0; path = PhantomTap.app; sourceTree = BUILT_PRODUCTS_DIR; };
		CE54AF6D2E9C9166002607A3 /* CoreBluetooth.framework */ = {isa = PBXFileReference; lastKnownFileType = wrapper.framework; name = CoreBluetooth.framework; path = System/Library/Frameworks/CoreBluetooth.framework; sourceTree = SDKROOT; };
		CEA60F542ECAF0DA00E791FE /* en */ = {isa = PBXFileReference; lastKnownFileType = text.plist.strings; name = en; path = en.lproj/Localizable.strings; sourceTree = "<group>"; };
		CEA60F562ECAF12300E791FE /* zh-Hant */ = {isa = PBXFileReference; lastKnownFileType = text.plist.strings; name = "zh-Hant"; path = "zh-Hant.lproj/Localizable.strings"; sourceTree = "<group>"; };
		FC400452AF38564012D64354 /* Pods_PhantomTap.framework */ = {isa = PBXFileReference; explicitFileType = wrapper.framework; includeInIndex = 0; path = Pods_PhantomTap.framework; sourceTree = BUILT_PRODUCTS_DIR; };
/* End PBXFileReference section */

/* Begin PBXFileSystemSynchronizedBuildFileExceptionSet section */
		CE54AF662E9C9135002607A3 /* Exceptions for "PhantomTap" folder in "PhantomTap" target */ = {
			isa = PBXFileSystemSynchronizedBuildFileExceptionSet;
			membershipExceptions = (
				Info.plist,
			);
			target = CE54AF4E2E9C9134002607A3 /* PhantomTap */;
		};
/* End PBXFileSystemSynchronizedBuildFileExceptionSet section */

/* Begin PBXFileSystemSynchronizedRootGroup section */
		CE54AF512E9C9134002607A3 /* PhantomTap */ = {
			isa = PBXFileSystemSynchronizedRootGroup;
			exceptions = (
				CE54AF662E9C9135002607A3 /* Exceptions for "PhantomTap" folder in "PhantomTap" target */,
			);
			path = PhantomTap;
			sourceTree = "<group>";
		};
/* End PBXFileSystemSynchronizedRootGroup section */

/* Begin PBXFrameworksBuildPhase section */
		CE54AF4C2E9C9134002607A3 /* Frameworks */ = {
			isa = PBXFrameworksBuildPhase;
			buildActionMask = 2147483647;
			files = (
				CE54AF6E2E9C9166002607A3 /* CoreBluetooth.framework in Frameworks */,
				CEDFBB852ED5791A00A7FE5C /* GoogleSignIn in Frameworks */,
				CEF378762EC6B0C300F8EC14 /* Lottie in Frameworks */,
				B1DF0BA2D0DD2C9FE3689E17 /* Pods_PhantomTap.framework in Frameworks */,
			);
			runOnlyForDeploymentPostprocessing = 0;
		};
/* End PBXFrameworksBuildPhase section */

/* Begin PBXGroup section */
		6F0D18A1E50E8E1B8701493C /* Pods */ = {
			isa = PBXGroup;
			children = (
				940DD0E9F2DE47F70519B620 /* Pods-PhantomTap.debug.xcconfig */,
				02441C576231AAB9B3DDAD4A /* Pods-PhantomTap.release.xcconfig */,
			);
			path = Pods;
			sourceTree = "<group>";
		};
		CE54AF462E9C9134002607A3 = {
			isa = PBXGroup;
			children = (
				CEA60F532ECAF0DA00E791FE /* Localizable.strings */,
				CE54AF512E9C9134002607A3 /* PhantomTap */,
				CE54AF6C2E9C9166002607A3 /* Frameworks */,
				CE54AF502E9C9134002607A3 /* Products */,
				6F0D18A1E50E8E1B8701493C /* Pods */,
			);
			sourceTree = "<group>";
		};
		CE54AF502E9C9134002607A3 /* Products */ = {
			isa = PBXGroup;
			children = (
				CE54AF4F2E9C9134002607A3 /* PhantomTap.app */,
			);
			name = Products;
			sourceTree = "<group>";
		};
		CE54AF6C2E9C9166002607A3 /* Frameworks */ = {
			isa = PBXGroup;
			children = (
				CE54AF6D2E9C9166002607A3 /* CoreBluetooth.framework */,
				FC400452AF38564012D64354 /* Pods_PhantomTap.framework */,
			);
			name = Frameworks;
			sourceTree = "<group>";
		};
/* End PBXGroup section */

/* Begin PBXNativeTarget section */
		CE54AF4E2E9C9134002607A3 /* PhantomTap */ = {
			isa = PBXNativeTarget;
			buildConfigurationList = CE54AF672E9C9135002607A3 /* Build configuration list for PBXNativeTarget "PhantomTap" */;
			buildPhases = (
				D8DADCC1C526B6B1DDC4DF94 /* [CP] Check Pods Manifest.lock */,
				CE54AF4B2E9C9134002607A3 /* Sources */,
				CE54AF4C2E9C9134002607A3 /* Frameworks */,
				CE54AF4D2E9C9134002607A3 /* Resources */,
				193B8D385BF245311E73FE08 /* [CP] Embed Pods Frameworks */,
			);
			buildRules = (
			);
			dependencies = (
			);
			fileSystemSynchronizedGroups = (
				CE54AF512E9C9134002607A3 /* PhantomTap */,
			);
			name = PhantomTap;
			packageProductDependencies = (
				CEF378752EC6B0C300F8EC14 /* Lottie */,
				CEDFBB842ED5791A00A7FE5C /* GoogleSignIn */,
			);
			productName = PhantomTap;
			productReference = CE54AF4F2E9C9134002607A3 /* PhantomTap.app */;
			productType = "com.apple.product-type.application";
		};
/* End PBXNativeTarget section */

/* Begin PBXProject section */
		CE54AF472E9C9134002607A3 /* Project object */ = {
			isa = PBXProject;
			attributes = {
				BuildIndependentTargetsInParallel = 1;
				LastUpgradeCheck = 2600;
				TargetAttributes = {
					CE54AF4E2E9C9134002607A3 = {
						CreatedOnToolsVersion = 26.0.1;
						LastSwiftMigration = 2610;
					};
				};
			};
			buildConfigurationList = CE54AF4A2E9C9134002607A3 /* Build configuration list for PBXProject "PhantomTap" */;
			developmentRegion = en;
			hasScannedForEncodings = 0;
			knownRegions = (
				en,
				Base,
				"zh-Hant",
			);
			mainGroup = CE54AF462E9C9134002607A3;
			minimizedProjectReferenceProxies = 1;
			packageReferences = (
				CEF378742EC6B0C300F8EC14 /* XCRemoteSwiftPackageReference "lottie-ios" */,
				CEDFBB832ED5791A00A7FE5C /* XCRemoteSwiftPackageReference "GoogleSignIn-iOS" */,
			);
			preferredProjectObjectVersion = 77;
			productRefGroup = CE54AF502E9C9134002607A3 /* Products */;
			projectDirPath = "";
			projectRoot = "";
			targets = (
				CE54AF4E2E9C9134002607A3 /* PhantomTap */,
			);
		};
/* End PBXProject section */

/* Begin PBXResourcesBuildPhase section */
		CE54AF4D2E9C9134002607A3 /* Resources */ = {
			isa = PBXResourcesBuildPhase;
			buildActionMask = 2147483647;
			files = (
				CEA60F552ECAF0DA00E791FE /* Localizable.strings in Resources */,
			);
			runOnlyForDeploymentPostprocessing = 0;
		};
/* End PBXResourcesBuildPhase section */

/* Begin PBXShellScriptBuildPhase section */
		193B8D385BF245311E73FE08 /* [CP] Embed Pods Frameworks */ = {
			isa = PBXShellScriptBuildPhase;
			buildActionMask = 2147483647;
			files = (
			);
			inputFileListPaths = (
				"${PODS_ROOT}/Target Support Files/Pods-PhantomTap/Pods-PhantomTap-frameworks-${CONFIGURATION}-input-files.xcfilelist",
			);
			inputPaths = (
			);
			name = "[CP] Embed Pods Frameworks";
			outputFileListPaths = (
				"${PODS_ROOT}/Target Support Files/Pods-PhantomTap/Pods-PhantomTap-frameworks-${CONFIGURATION}-output-files.xcfilelist",
			);
			outputPaths = (
			);
			runOnlyForDeploymentPostprocessing = 0;
			shellPath = /bin/sh;
			shellScript = "\"${PODS_ROOT}/Target Support Files/Pods-PhantomTap/Pods-PhantomTap-frameworks.sh\"\n";
			showEnvVarsInLog = 0;
		};
		D8DADCC1C526B6B1DDC4DF94 /* [CP] Check Pods Manifest.lock */ = {
			isa = PBXShellScriptBuildPhase;
			buildActionMask = 2147483647;
			files = (
			);
			inputFileListPaths = (
			);
			inputPaths = (
				"${PODS_PODFILE_DIR_PATH}/Podfile.lock",
				"${PODS_ROOT}/Manifest.lock",
			);
			name = "[CP] Check Pods Manifest.lock";
			outputFileListPaths = (
			);
			outputPaths = (
				"$(DERIVED_FILE_DIR)/Pods-PhantomTap-checkManifestLockResult.txt",
			);
			runOnlyForDeploymentPostprocessing = 0;
			shellPath = /bin/sh;
			shellScript = "diff \"${PODS_PODFILE_DIR_PATH}/Podfile.lock\" \"${PODS_ROOT}/Manifest.lock\" > /dev/null\nif [ $? != 0 ] ; then\n    # print error to STDERR\n    echo \"error: The sandbox is not in sync with the Podfile.lock. Run 'pod install' or update your CocoaPods installation.\" >&2\n    exit 1\nfi\n# This output is used by Xcode 'outputs' to avoid re-running this script phase.\necho \"SUCCESS\" > \"${SCRIPT_OUTPUT_FILE_0}\"\n";
			showEnvVarsInLog = 0;
		};
/* End PBXShellScriptBuildPhase section */

/* Begin PBXSourcesBuildPhase section */
		CE54AF4B2E9C9134002607A3 /* Sources */ = {
			isa = PBXSourcesBuildPhase;
			buildActionMask = 2147483647;
			files = (
			);
			runOnlyForDeploymentPostprocessing = 0;
		};
/* End PBXSourcesBuildPhase section */

/* Begin PBXVariantGroup section */
		CEA60F532ECAF0DA00E791FE /* Localizable.strings */ = {
			isa = PBXVariantGroup;
			children = (
				CEA60F542ECAF0DA00E791FE /* en */,
				CEA60F562ECAF12300E791FE /* zh-Hant */,
			);
			name = Localizable.strings;
			sourceTree = "<group>";
		};
/* End PBXVariantGroup section */

/* Begin XCBuildConfiguration section */
		CE54AF682E9C9135002607A3 /* Debug */ = {
			isa = XCBuildConfiguration;
			baseConfigurationReference = 940DD0E9F2DE47F70519B620 /* Pods-PhantomTap.debug.xcconfig */;
			buildSettings = {
				ASSETCATALOG_COMPILER_APPICON_NAME = AppIcon;
				ASSETCATALOG_COMPILER_GLOBAL_ACCENT_COLOR_NAME = AccentColor;
				CLANG_ENABLE_MODULES = YES;
				CODE_SIGN_ENTITLEMENTS = PhantomTap/PhantomTap.entitlements;
				CODE_SIGN_STYLE = Automatic;
				CURRENT_PROJECT_VERSION = 1;
				DEVELOPMENT_TEAM = S5AVXPLD9W;
				ENABLE_USER_SCRIPT_SANDBOXING = NO;
				GENERATE_INFOPLIST_FILE = YES;
				INFOPLIST_FILE = PhantomTap/Info.plist;
				INFOPLIST_KEY_LSApplicationCategoryType = "public.app-category.utilities";
				INFOPLIST_KEY_NSBluetoothAlwaysUsageDescription = "Using BLE";
				INFOPLIST_KEY_NSPhotoLibraryUsageDescription = "我們需要您的授權以讀取相簿，讓您可以選擇一張遊戲擷圖作為按鍵規劃的背景。";
				INFOPLIST_KEY_UIApplicationSupportsIndirectInputEvents = YES;
				INFOPLIST_KEY_UILaunchStoryboardName = LaunchScreen;
				INFOPLIST_KEY_UIMainStoryboardFile = Main;
				INFOPLIST_KEY_UISupportedInterfaceOrientations = "UIInterfaceOrientationLandscapeRight UIInterfaceOrientationPortrait";
				INFOPLIST_KEY_UISupportedInterfaceOrientations_iPad = "UIInterfaceOrientationLandscapeLeft UIInterfaceOrientationLandscapeRight UIInterfaceOrientationPortrait UIInterfaceOrientationPortraitUpsideDown";
				IPHONEOS_DEPLOYMENT_TARGET = 15.6;
				LD_RUNPATH_SEARCH_PATHS = (
					"$(inherited)",
					"@executable_path/Frameworks",
				);
				MARKETING_VERSION = 1.0;
				PRODUCT_BUNDLE_IDENTIFIER = com.zeroplus.PhantomTap;
				PRODUCT_NAME = "$(TARGET_NAME)";
				STRING_CATALOG_GENERATE_SYMBOLS = YES;
				SWIFT_EMIT_LOC_STRINGS = YES;
				SWIFT_OBJC_BRIDGING_HEADER = "PhantomTap/Swift/PhantomTap-Bridging-Header.h";
				SWIFT_OPTIMIZATION_LEVEL = "-Onone";
				SWIFT_VERSION = 6.0;
				TARGETED_DEVICE_FAMILY = "1,2";
			};
			name = Debug;
		};
		CE54AF692E9C9135002607A3 /* Release */ = {
			isa = XCBuildConfiguration;
			baseConfigurationReference = 02441C576231AAB9B3DDAD4A /* Pods-PhantomTap.release.xcconfig */;
			buildSettings = {
				ASSETCATALOG_COMPILER_APPICON_NAME = AppIcon;
				ASSETCATALOG_COMPILER_GLOBAL_ACCENT_COLOR_NAME = AccentColor;
				CLANG_ENABLE_MODULES = YES;
				CODE_SIGN_ENTITLEMENTS = PhantomTap/PhantomTap.entitlements;
				CODE_SIGN_STYLE = Automatic;
				CURRENT_PROJECT_VERSION = 1;
				DEVELOPMENT_TEAM = S5AVXPLD9W;
				ENABLE_USER_SCRIPT_SANDBOXING = NO;
				GENERATE_INFOPLIST_FILE = YES;
				INFOPLIST_FILE = PhantomTap/Info.plist;
				INFOPLIST_KEY_LSApplicationCategoryType = "public.app-category.utilities";
				INFOPLIST_KEY_NSBluetoothAlwaysUsageDescription = "Using BLE";
				INFOPLIST_KEY_NSPhotoLibraryUsageDescription = "我們需要您的授權以讀取相簿，讓您可以選擇一張遊戲擷圖作為按鍵規劃的背景。";
				INFOPLIST_KEY_UIApplicationSupportsIndirectInputEvents = YES;
				INFOPLIST_KEY_UILaunchStoryboardName = LaunchScreen;
				INFOPLIST_KEY_UIMainStoryboardFile = Main;
				INFOPLIST_KEY_UISupportedInterfaceOrientations = "UIInterfaceOrientationLandscapeRight UIInterfaceOrientationPortrait";
				INFOPLIST_KEY_UISupportedInterfaceOrientations_iPad = "UIInterfaceOrientationLandscapeLeft UIInterfaceOrientationLandscapeRight UIInterfaceOrientationPortrait UIInterfaceOrientationPortraitUpsideDown";
				IPHONEOS_DEPLOYMENT_TARGET = 15.6;
				LD_RUNPATH_SEARCH_PATHS = (
					"$(inherited)",
					"@executable_path/Frameworks",
				);
				MARKETING_VERSION = 1.0;
				PRODUCT_BUNDLE_IDENTIFIER = com.zeroplus.PhantomTap;
				PRODUCT_NAME = "$(TARGET_NAME)";
				STRING_CATALOG_GENERATE_SYMBOLS = YES;
				SWIFT_EMIT_LOC_STRINGS = YES;
				SWIFT_OBJC_BRIDGING_HEADER = "PhantomTap/Swift/PhantomTap-Bridging-Header.h";
				SWIFT_VERSION = 6.0;
				TARGETED_DEVICE_FAMILY = "1,2";
			};
			name = Release;
		};
		CE54AF6A2E9C9135002607A3 /* Debug */ = {
			isa = XCBuildConfiguration;
			buildSettings = {
				ALWAYS_SEARCH_USER_PATHS = NO;
				ASSETCATALOG_COMPILER_GENERATE_SWIFT_ASSET_SYMBOL_EXTENSIONS = YES;
				CLANG_ANALYZER_NONNULL = YES;
				CLANG_ANALYZER_NUMBER_OBJECT_CONVERSION = YES_AGGRESSIVE;
				CLANG_CXX_LANGUAGE_STANDARD = "gnu++20";
				CLANG_ENABLE_MODULES = YES;
				CLANG_ENABLE_OBJC_ARC = YES;
				CLANG_ENABLE_OBJC_WEAK = YES;
				CLANG_WARN_BLOCK_CAPTURE_AUTORELEASING = YES;
				CLANG_WARN_BOOL_CONVERSION = YES;
				CLANG_WARN_COMMA = YES;
				CLANG_WARN_CONSTANT_CONVERSION = YES;
				CLANG_WARN_DEPRECATED_OBJC_IMPLEMENTATIONS = YES;
				CLANG_WARN_DIRECT_OBJC_ISA_USAGE = YES_ERROR;
				CLANG_WARN_DOCUMENTATION_COMMENTS = YES;
				CLANG_WARN_EMPTY_BODY = YES;
				CLANG_WARN_ENUM_CONVERSION = YES;
				CLANG_WARN_INFINITE_RECURSION = YES;
				CLANG_WARN_INT_CONVERSION = YES;
				CLANG_WARN_NON_LITERAL_NULL_CONVERSION = YES;
				CLANG_WARN_OBJC_IMPLICIT_RETAIN_SELF = YES;
				CLANG_WARN_OBJC_LITERAL_CONVERSION = YES;
				CLANG_WARN_OBJC_ROOT_CLASS = YES_ERROR;
				CLANG_WARN_QUOTED_INCLUDE_IN_FRAMEWORK_HEADER = YES;
				CLANG_WARN_RANGE_LOOP_ANALYSIS = YES;
				CLANG_WARN_STRICT_PROTOTYPES = YES;
				CLANG_WARN_SUSPICIOUS_MOVE = YES;
				CLANG_WARN_UNGUARDED_AVAILABILITY = YES_AGGRESSIVE;
				CLANG_WARN_UNREACHABLE_CODE = YES;
				CLANG_WARN__DUPLICATE_METHOD_MATCH = YES;
				COPY_PHASE_STRIP = NO;
				DEBUG_INFORMATION_FORMAT = dwarf;
				DEVELOPMENT_TEAM = S5AVXPLD9W;
				ENABLE_STRICT_OBJC_MSGSEND = YES;
				ENABLE_TESTABILITY = YES;
				ENABLE_USER_SCRIPT_SANDBOXING = YES;
				GCC_C_LANGUAGE_STANDARD = gnu17;
				GCC_DYNAMIC_NO_PIC = NO;
				GCC_NO_COMMON_BLOCKS = YES;
				GCC_OPTIMIZATION_LEVEL = 0;
				GCC_PREPROCESSOR_DEFINITIONS = (
					"DEBUG=1",
					"$(inherited)",
				);
				GCC_WARN_64_TO_32_BIT_CONVERSION = YES;
				GCC_WARN_ABOUT_RETURN_TYPE = YES_ERROR;
				GCC_WARN_UNDECLARED_SELECTOR = YES;
				GCC_WARN_UNINITIALIZED_AUTOS = YES_AGGRESSIVE;
				GCC_WARN_UNUSED_FUNCTION = YES;
				GCC_WARN_UNUSED_VARIABLE = YES;
				IPHONEOS_DEPLOYMENT_TARGET = 26.0;
				LOCALIZATION_PREFERS_STRING_CATALOGS = YES;
				MTL_ENABLE_DEBUG_INFO = INCLUDE_SOURCE;
				MTL_FAST_MATH = YES;
				ONLY_ACTIVE_ARCH = YES;
				SDKROOT = iphoneos;
				SWIFT_EMIT_LOC_STRINGS = YES;
			};
			name = Debug;
		};
		CE54AF6B2E9C9135002607A3 /* Release */ = {
			isa = XCBuildConfiguration;
			buildSettings = {
				ALWAYS_SEARCH_USER_PATHS = NO;
				ASSETCATALOG_COMPILER_GENERATE_SWIFT_ASSET_SYMBOL_EXTENSIONS = YES;
				CLANG_ANALYZER_NONNULL = YES;
				CLANG_ANALYZER_NUMBER_OBJECT_CONVERSION = YES_AGGRESSIVE;
				CLANG_CXX_LANGUAGE_STANDARD = "gnu++20";
				CLANG_ENABLE_MODULES = YES;
				CLANG_ENABLE_OBJC_ARC = YES;
				CLANG_ENABLE_OBJC_WEAK = YES;
				CLANG_WARN_BLOCK_CAPTURE_AUTORELEASING = YES;
				CLANG_WARN_BOOL_CONVERSION = YES;
				CLANG_WARN_COMMA = YES;
				CLANG_WARN_CONSTANT_CONVERSION = YES;
				CLANG_WARN_DEPRECATED_OBJC_IMPLEMENTATIONS = YES;
				CLANG_WARN_DIRECT_OBJC_ISA_USAGE = YES_ERROR;
				CLANG_WARN_DOCUMENTATION_COMMENTS = YES;
				CLANG_WARN_EMPTY_BODY = YES;
				CLANG_WARN_ENUM_CONVERSION = YES;
				CLANG_WARN_INFINITE_RECURSION = YES;
				CLANG_WARN_INT_CONVERSION = YES;
				CLANG_WARN_NON_LITERAL_NULL_CONVERSION = YES;
				CLANG_WARN_OBJC_IMPLICIT_RETAIN_SELF = YES;
				CLANG_WARN_OBJC_LITERAL_CONVERSION = YES;
				CLANG_WARN_OBJC_ROOT_CLASS = YES_ERROR;
				CLANG_WARN_QUOTED_INCLUDE_IN_FRAMEWORK_HEADER = YES;
				CLANG_WARN_RANGE_LOOP_ANALYSIS = YES;
				CLANG_WARN_STRICT_PROTOTYPES = YES;
				CLANG_WARN_SUSPICIOUS_MOVE = YES;
				CLANG_WARN_UNGUARDED_AVAILABILITY = YES_AGGRESSIVE;
				CLANG_WARN_UNREACHABLE_CODE = YES;
				CLANG_WARN__DUPLICATE_METHOD_MATCH = YES;
				COPY_PHASE_STRIP = NO;
				DEBUG_INFORMATION_FORMAT = "dwarf-with-dsym";
				DEVELOPMENT_TEAM = S5AVXPLD9W;
				ENABLE_NS_ASSERTIONS = NO;
				ENABLE_STRICT_OBJC_MSGSEND = YES;
				ENABLE_USER_SCRIPT_SANDBOXING = YES;
				GCC_C_LANGUAGE_STANDARD = gnu17;
				GCC_NO_COMMON_BLOCKS = YES;
				GCC_WARN_64_TO_32_BIT_CONVERSION = YES;
				GCC_WARN_ABOUT_RETURN_TYPE = YES_ERROR;
				GCC_WARN_UNDECLARED_SELECTOR = YES;
				GCC_WARN_UNINITIALIZED_AUTOS = YES_AGGRESSIVE;
				GCC_WARN_UNUSED_FUNCTION = YES;
				GCC_WARN_UNUSED_VARIABLE = YES;
				IPHONEOS_DEPLOYMENT_TARGET = 26.0;
				LOCALIZATION_PREFERS_STRING_CATALOGS = YES;
				MTL_ENABLE_DEBUG_INFO = NO;
				MTL_FAST_MATH = YES;
				SDKROOT = iphoneos;
				SWIFT_EMIT_LOC_STRINGS = YES;
				VALIDATE_PRODUCT = YES;
			};
			name = Release;
		};
/* End XCBuildConfiguration section */

/* Begin XCConfigurationList section */
		CE54AF4A2E9C9134002607A3 /* Build configuration list for PBXProject "PhantomTap" */ = {
			isa = XCConfigurationList;
			buildConfigurations = (
				CE54AF6A2E9C9135002607A3 /* Debug */,
				CE54AF6B2E9C9135002607A3 /* Release */,
			);
			defaultConfigurationIsVisible = 0;
			defaultConfigurationName = Release;
		};
		CE54AF672E9C9135002607A3 /* Build configuration list for PBXNativeTarget "PhantomTap" */ = {
			isa = XCConfigurationList;
			buildConfigurations = (
				CE54AF682E9C9135002607A3 /* Debug */,
				CE54AF692E9C9135002607A3 /* Release */,
			);
			defaultConfigurationIsVisible = 0;
			defaultConfigurationName = Release;
		};
/* End XCConfigurationList section */

/* Begin XCRemoteSwiftPackageReference section */
		CEDFBB832ED5791A00A7FE5C /* XCRemoteSwiftPackageReference "GoogleSignIn-iOS" */ = {
			isa = XCRemoteSwiftPackageReference;
			repositoryURL = "https://github.com/google/GoogleSignIn-iOS";
			requirement = {
				kind = upToNextMajorVersion;
				minimumVersion = 9.0.0;
			};
		};
		CEF378742EC6B0C300F8EC14 /* XCRemoteSwiftPackageReference "lottie-ios" */ = {
			isa = XCRemoteSwiftPackageReference;
			repositoryURL = "https://github.com/airbnb/lottie-ios.git";
			requirement = {
				kind = upToNextMajorVersion;
				minimumVersion = 4.5.2;
			};
		};
/* End XCRemoteSwiftPackageReference section */

/* Begin XCSwiftPackageProductDependency section */
		CEDFBB842ED5791A00A7FE5C /* GoogleSignIn */ = {
			isa = XCSwiftPackageProductDependency;
			package = CEDFBB832ED5791A00A7FE5C /* XCRemoteSwiftPackageReference "GoogleSignIn-iOS" */;
			productName = GoogleSignIn;
		};
		CEF378752EC6B0C300F8EC14 /* Lottie */ = {
			isa = XCSwiftPackageProductDependency;
			package = CEF378742EC6B0C300F8EC14 /* XCRemoteSwiftPackageReference "lottie-ios" */;
			productName = Lottie;
		};
/* End XCSwiftPackageProductDependency section */
	};
	rootObject = CE54AF472E9C9134002607A3 /* Project object */;
}
